
Microsoft Visual Studio Solution File, Format Version 12.00
# Visual Studio Version 16
VisualStudioVersion = 16.0.29709.97
MinimumVisualStudioVersion = 10.0.40219.1
Project("{FAE04EC0-301F-11D3-BF4B-00C04F79EFBC}") = "ApplicationMvvm", "ApplicationMvvm\ApplicationMvvm.csproj", "{491EDD5F-4D2E-42C4-B3B8-0AFA345E39B0}"
EndProject
Project("{FAE04EC0-301F-11D3-BF4B-00C04F79EFBC}") = "Views", "Views\Views.csproj", "{2CDB493D-97CD-421E-9485-A02C60439927}"
EndProject
Project("{FAE04EC0-301F-11D3-BF4B-00C04F79EFBC}") = "ViewModels", "ViewModels\ViewModels.csproj", "{1DDB572B-21C4-4649-9714-0AE102E67F8C}"
EndProject
Project("{FAE04EC0-301F-11D3-BF4B-00C04F79EFBC}") = "Shared.Ioc", "Shared.Ioc\Shared.Ioc.csproj", "{E569692C-C6D1-4683-A154-A7D4DAADF898}"
EndProject
Project("{FAE04EC0-301F-11D3-BF4B-00C04F79EFBC}") = "Shared.Interfaces", "Shared.Interfaces\Shared.Interfaces.csproj", "{52E00AD1-01B9-4DC5-B77B-9FC44967A5BA}"
EndProject
Project("{FAE04EC0-301F-11D3-BF4B-00C04F79EFBC}") = "Shared.Wpf.Ioc", "Shared.Wpf.Ioc\Shared.Wpf.Ioc.csproj", "{3E4940C0-9E80-404B-85E9-61F7BEF07611}"
EndProject
Project("{FAE04EC0-301F-11D3-BF4B-00C04F79EFBC}") = "Models", "Models\Models.csproj", "{B8B669DA-C6CC-46A9-8E76-2EB385F66D8A}"
EndProject
Project("{FAE04EC0-301F-11D3-BF4B-00C04F79EFBC}") = "Shared.Models", "Shared.Models\Shared.Models.csproj", "{B9252AAF-409A-4003-B780-3E800E00E330}"
EndProject
Project("{2150E333-8FDC-42A3-9474-1A3956D46DE8}") = "Application MVVM Lose Koppelung", "Application MVVM Lose Koppelung", "{11626F4F-169F-4BB9-AE75-0DC4891E6528}"
EndProject
Project("{2150E333-8FDC-42A3-9474-1A3956D46DE8}") = "[Shared]", "[Shared]", "{F63F605E-EC08-4D9C-B63E-B77DD3AD3E22}"
EndProject
Global
	GlobalSection(SolutionConfigurationPlatforms) = preSolution
		Debug|Any CPU = Debug|Any CPU
		Release|Any CPU = Release|Any CPU
	EndGlobalSection
	GlobalSection(ProjectConfigurationPlatforms) = postSolution
		{491EDD5F-4D2E-42C4-B3B8-0AFA345E39B0}.Debug|Any CPU.ActiveCfg = Debug|Any CPU
		{491EDD5F-4D2E-42C4-B3B8-0AFA345E39B0}.Debug|Any CPU.Build.0 = Debug|Any CPU
		{491EDD5F-4D2E-42C4-B3B8-0AFA345E39B0}.Release|Any CPU.ActiveCfg = Release|Any CPU
		{491EDD5F-4D2E-42C4-B3B8-0AFA345E39B0}.Release|Any CPU.Build.0 = Release|Any CPU
		{2CDB493D-97CD-421E-9485-A02C60439927}.Debug|Any CPU.ActiveCfg = Debug|Any CPU
		{2CDB493D-97CD-421E-9485-A02C60439927}.Debug|Any CPU.Build.0 = Debug|Any CPU
		{2CDB493D-97CD-421E-9485-A02C60439927}.Release|Any CPU.ActiveCfg = Release|Any CPU
		{2CDB493D-97CD-421E-9485-A02C60439927}.Release|Any CPU.Build.0 = Release|Any CPU
		{1DDB572B-21C4-4649-9714-0AE102E67F8C}.Debug|Any CPU.ActiveCfg = Debug|Any CPU
		{1DDB572B-21C4-4649-9714-0AE102E67F8C}.Debug|Any CPU.Build.0 = Debug|Any CPU
		{1DDB572B-21C4-4649-9714-0AE102E67F8C}.Release|Any CPU.ActiveCfg = Release|Any CPU
		{1DDB572B-21C4-4649-9714-0AE102E67F8C}.Release|Any CPU.Build.0 = Release|Any CPU
		{E569692C-C6D1-4683-A154-A7D4DAADF898}.Debug|Any CPU.ActiveCfg = Debug|Any CPU
		{E569692C-C6D1-4683-A154-A7D4DAADF898}.Debug|Any CPU.Build.0 = Debug|Any CPU
		{E569692C-C6D1-4683-A154-A7D4DAADF898}.Release|Any CPU.ActiveCfg = Release|Any CPU
		{E569692C-C6D1-4683-A154-A7D4DAADF898}.Release|Any CPU.Build.0 = Release|Any CPU
		{52E00AD1-01B9-4DC5-B77B-9FC44967A5BA}.Debug|Any CPU.ActiveCfg = Debug|Any CPU
		{52E00AD1-01B9-4DC5-B77B-9FC44967A5BA}.Debug|Any CPU.Build.0 = Debug|Any CPU
		{52E00AD1-01B9-4DC5-B77B-9FC44967A5BA}.Release|Any CPU.ActiveCfg = Release|Any CPU
		{52E00AD1-01B9-4DC5-B77B-9FC44967A5BA}.Release|Any CPU.Build.0 = Release|Any CPU
		{3E4940C0-9E80-404B-85E9-61F7BEF07611}.Debug|Any CPU.ActiveCfg = Debug|Any CPU
		{3E4940C0-9E80-404B-85E9-61F7BEF07611}.Debug|Any CPU.Build.0 = Debug|Any CPU
		{3E4940C0-9E80-404B-85E9-61F7BEF07611}.Release|Any CPU.ActiveCfg = Release|Any CPU
		{3E4940C0-9E80-404B-85E9-61F7BEF07611}.Release|Any CPU.Build.0 = Release|Any CPU
		{B8B669DA-C6CC-46A9-8E76-2EB385F66D8A}.Debug|Any CPU.ActiveCfg = Debug|Any CPU
		{B8B669DA-C6CC-46A9-8E76-2EB385F66D8A}.Debug|Any CPU.Build.0 = Debug|Any CPU
		{B8B669DA-C6CC-46A9-8E76-2EB385F66D8A}.Release|Any CPU.ActiveCfg = Release|Any CPU
		{B8B669DA-C6CC-46A9-8E76-2EB385F66D8A}.Release|Any CPU.Build.0 = Release|Any CPU
		{B9252AAF-409A-4003-B780-3E800E00E330}.Debug|Any CPU.ActiveCfg = Debug|Any CPU
		{B9252AAF-409A-4003-B780-3E800E00E330}.Debug|Any CPU.Build.0 = Debug|Any CPU
		{B9252AAF-409A-4003-B780-3E800E00E330}.Release|Any CPU.ActiveCfg = Release|Any CPU
		{B9252AAF-409A-4003-B780-3E800E00E330}.Release|Any CPU.Build.0 = Release|Any CPU
	EndGlobalSection
	GlobalSection(SolutionProperties) = preSolution
		HideSolutionNode = FALSE
	EndGlobalSection
	GlobalSection(NestedProjects) = preSolution
		{491EDD5F-4D2E-42C4-B3B8-0AFA345E39B0} = {11626F4F-169F-4BB9-AE75-0DC4891E6528}
		{2CDB493D-97CD-421E-9485-A02C60439927} = {11626F4F-169F-4BB9-AE75-0DC4891E6528}
		{1DDB572B-21C4-4649-9714-0AE102E67F8C} = {11626F4F-169F-4BB9-AE75-0DC4891E6528}
		{E569692C-C6D1-4683-A154-A7D4DAADF898} = {F63F605E-EC08-4D9C-B63E-B77DD3AD3E22}
		{52E00AD1-01B9-4DC5-B77B-9FC44967A5BA} = {F63F605E-EC08-4D9C-B63E-B77DD3AD3E22}
		{3E4940C0-9E80-404B-85E9-61F7BEF07611} = {F63F605E-EC08-4D9C-B63E-B77DD3AD3E22}
		{B8B669DA-C6CC-46A9-8E76-2EB385F66D8A} = {11626F4F-169F-4BB9-AE75-0DC4891E6528}
		{B9252AAF-409A-4003-B780-3E800E00E330} = {F63F605E-EC08-4D9C-B63E-B77DD3AD3E22}
	EndGlobalSection
	GlobalSection(ExtensibilityGlobals) = postSolution
		SolutionGuid = {B8720273-3F26-498F-BFC1-A36F586D3EC4}
	EndGlobalSection
EndGlobal
