
Microsoft Visual Studio Solution File, Format Version 12.00
# Visual Studio Version 16
VisualStudioVersion = 16.0.30204.135
MinimumVisualStudioVersion = 10.0.40219.1
Project("{FAE04EC0-301F-11D3-BF4B-00C04F79EFBC}") = "Was-ist-WPF", "Was-ist-WPF.csproj", "{6A6BC3F3-7875-442E-9A3F-A0CF6F641058}"
EndProject
Global
	GlobalSection(SolutionConfigurationPlatforms) = preSolution
		Debug|Any CPU = Debug|Any CPU
		Release|Any CPU = Release|Any CPU
	EndGlobalSection
	GlobalSection(ProjectConfigurationPlatforms) = postSolution
		{6A6BC3F3-7875-442E-9A3F-A0CF6F641058}.Debug|Any CPU.ActiveCfg = Debug|Any CPU
		{6A6BC3F3-7875-442E-9A3F-A0CF6F641058}.Debug|Any CPU.Build.0 = Debug|Any CPU
		{6A6BC3F3-7875-442E-9A3F-A0CF6F641058}.Release|Any CPU.ActiveCfg = Release|Any CPU
		{6A6BC3F3-7875-442E-9A3F-A0CF6F641058}.Release|Any CPU.Build.0 = Release|Any CPU
	EndGlobalSection
	GlobalSection(SolutionProperties) = preSolution
		HideSolutionNode = FALSE
	EndGlobalSection
	GlobalSection(ExtensibilityGlobals) = postSolution
		SolutionGuid = {11D15B48-9217-451D-8885-061BEEB34561}
	EndGlobalSection
EndGlobal
