
Microsoft Visual Studio Solution File, Format Version 12.00
# Visual Studio Version 16
VisualStudioVersion = 16.0.29920.165
MinimumVisualStudioVersion = 10.0.40219.1
Project("{FAE04EC0-301F-11D3-BF4B-00C04F79EFBC}") = "WpfMvvmIntroduction.WpfApplication", "WpfMvvmIntroduction.WpfApplication\WpfMvvmIntroduction.WpfApplication.csproj", "{A149315E-8C43-4009-A4F9-45C27DB58609}"
EndProject
Project("{FAE04EC0-301F-11D3-BF4B-00C04F79EFBC}") = "WpfMvvmIntroduction.Views", "WpfMvvmIntroduction.Views\WpfMvvmIntroduction.Views.csproj", "{FA6D32E3-B4D6-4688-95EB-316FA7D73A4C}"
EndProject
Project("{FAE04EC0-301F-11D3-BF4B-00C04F79EFBC}") = "Infrastructure.Presentation.Model", "Infrastructure.Presentation.Model\Infrastructure.Presentation.Model.csproj", "{AE383503-0DC4-44A5-9FA4-B8721B8B64AD}"
EndProject
Project("{FAE04EC0-301F-11D3-BF4B-00C04F79EFBC}") = "WpfMvvmIntroduction.ViewModels", "WpfMvvmIntroduction.ViewModels\WpfMvvmIntroduction.ViewModels.csproj", "{59C64237-71B1-4A0C-AA19-F56B69C185F8}"
EndProject
Global
	GlobalSection(SolutionConfigurationPlatforms) = preSolution
		Debug|Any CPU = Debug|Any CPU
		Release|Any CPU = Release|Any CPU
	EndGlobalSection
	GlobalSection(ProjectConfigurationPlatforms) = postSolution
		{A149315E-8C43-4009-A4F9-45C27DB58609}.Debug|Any CPU.ActiveCfg = Debug|Any CPU
		{A149315E-8C43-4009-A4F9-45C27DB58609}.Debug|Any CPU.Build.0 = Debug|Any CPU
		{A149315E-8C43-4009-A4F9-45C27DB58609}.Release|Any CPU.ActiveCfg = Release|Any CPU
		{A149315E-8C43-4009-A4F9-45C27DB58609}.Release|Any CPU.Build.0 = Release|Any CPU
		{FA6D32E3-B4D6-4688-95EB-316FA7D73A4C}.Debug|Any CPU.ActiveCfg = Debug|Any CPU
		{FA6D32E3-B4D6-4688-95EB-316FA7D73A4C}.Debug|Any CPU.Build.0 = Debug|Any CPU
		{FA6D32E3-B4D6-4688-95EB-316FA7D73A4C}.Release|Any CPU.ActiveCfg = Release|Any CPU
		{FA6D32E3-B4D6-4688-95EB-316FA7D73A4C}.Release|Any CPU.Build.0 = Release|Any CPU
		{AE383503-0DC4-44A5-9FA4-B8721B8B64AD}.Debug|Any CPU.ActiveCfg = Debug|Any CPU
		{AE383503-0DC4-44A5-9FA4-B8721B8B64AD}.Debug|Any CPU.Build.0 = Debug|Any CPU
		{AE383503-0DC4-44A5-9FA4-B8721B8B64AD}.Release|Any CPU.ActiveCfg = Release|Any CPU
		{AE383503-0DC4-44A5-9FA4-B8721B8B64AD}.Release|Any CPU.Build.0 = Release|Any CPU
		{59C64237-71B1-4A0C-AA19-F56B69C185F8}.Debug|Any CPU.ActiveCfg = Debug|Any CPU
		{59C64237-71B1-4A0C-AA19-F56B69C185F8}.Debug|Any CPU.Build.0 = Debug|Any CPU
		{59C64237-71B1-4A0C-AA19-F56B69C185F8}.Release|Any CPU.ActiveCfg = Release|Any CPU
		{59C64237-71B1-4A0C-AA19-F56B69C185F8}.Release|Any CPU.Build.0 = Release|Any CPU
	EndGlobalSection
	GlobalSection(SolutionProperties) = preSolution
		HideSolutionNode = FALSE
	EndGlobalSection
	GlobalSection(ExtensibilityGlobals) = postSolution
		SolutionGuid = {B84959AC-B338-48CA-BE89-50A7E2E0EF4D}
	EndGlobalSection
EndGlobal
